
Microsoft Visual Studio Solution File, Format Version 12.00
# Visual Studio 15
VisualStudioVersion = 15.0.27130.2027
MinimumVisualStudioVersion = 10.0.40219.1
Project("{2150E333-8FDC-42A3-9474-1A3956D46DE8}") = "src", "src", "{8FB17F4A-5DF2-4F97-AD81-B53052ED95FD}"
EndProject
Project("{2150E333-8FDC-42A3-9474-1A3956D46DE8}") = "Solution Items", "Solution Items", "{34EF6E1B-CE04-4E36-9D3F-02F5D6FD796E}"
	ProjectSection(SolutionItems) = preProject
		.gitignore = .gitignore
		LICENSE = LICENSE
	EndProjectSection
EndProject
Project("{FAE04EC0-301F-11D3-BF4B-00C04F79EFBC}") = "ConfigContrib", "src\ConfigContrib\ConfigContrib.csproj", "{0F524C89-84DC-4607-A414-BA54E22CC023}"
EndProject
Project("{2150E333-8FDC-42A3-9474-1A3956D46DE8}") = "test", "test", "{C108AA2F-12EF-49CA-82D1-808438F2DAFC}"
EndProject
Project("{FAE04EC0-301F-11D3-BF4B-00C04F79EFBC}") = "Sample", "test\Sample\Sample.csproj", "{79172F40-CC6F-45E9-8142-11CFD87637C9}"
EndProject
Global
	GlobalSection(SolutionConfigurationPlatforms) = preSolution
		Debug|Any CPU = Debug|Any CPU
		Release|Any CPU = Release|Any CPU
	EndGlobalSection
	GlobalSection(ProjectConfigurationPlatforms) = postSolution
		{0F524C89-84DC-4607-A414-BA54E22CC023}.Debug|Any CPU.ActiveCfg = Debug|Any CPU
		{0F524C89-84DC-4607-A414-BA54E22CC023}.Debug|Any CPU.Build.0 = Debug|Any CPU
		{0F524C89-84DC-4607-A414-BA54E22CC023}.Release|Any CPU.ActiveCfg = Release|Any CPU
		{0F524C89-84DC-4607-A414-BA54E22CC023}.Release|Any CPU.Build.0 = Release|Any CPU
		{79172F40-CC6F-45E9-8142-11CFD87637C9}.Debug|Any CPU.ActiveCfg = Debug|Any CPU
		{79172F40-CC6F-45E9-8142-11CFD87637C9}.Debug|Any CPU.Build.0 = Debug|Any CPU
		{79172F40-CC6F-45E9-8142-11CFD87637C9}.Release|Any CPU.ActiveCfg = Release|Any CPU
		{79172F40-CC6F-45E9-8142-11CFD87637C9}.Release|Any CPU.Build.0 = Release|Any CPU
	EndGlobalSection
	GlobalSection(SolutionProperties) = preSolution
		HideSolutionNode = FALSE
	EndGlobalSection
	GlobalSection(NestedProjects) = preSolution
		{0F524C89-84DC-4607-A414-BA54E22CC023} = {8FB17F4A-5DF2-4F97-AD81-B53052ED95FD}
		{79172F40-CC6F-45E9-8142-11CFD87637C9} = {C108AA2F-12EF-49CA-82D1-808438F2DAFC}
	EndGlobalSection
	GlobalSection(ExtensibilityGlobals) = postSolution
		SolutionGuid = {1489EF14-9537-4165-9CF4-72E67AA7055B}
	EndGlobalSection
EndGlobal
